
Microsoft Visual Studio Solution File, Format Version 12.00
# Visual Studio Version 16
VisualStudioVersion = 16.0.30611.23
MinimumVisualStudioVersion = 10.0.40219.1
Project("{FAE04EC0-301F-11D3-BF4B-00C04F79EFBC}") = "Serialization_and_deserialization_xml", "Serialization_and_deserialization_xml\Serialization_and_deserialization_xml.csproj", "{2D25C492-0663-402A-A6A0-4DE057ECA601}"
EndProject
Global
	GlobalSection(SolutionConfigurationPlatforms) = preSolution
		Debug|Any CPU = Debug|Any CPU
		Release|Any CPU = Release|Any CPU
	EndGlobalSection
	GlobalSection(ProjectConfigurationPlatforms) = postSolution
		{2D25C492-0663-402A-A6A0-4DE057ECA601}.Debug|Any CPU.ActiveCfg = Debug|Any CPU
		{2D25C492-0663-402A-A6A0-4DE057ECA601}.Debug|Any CPU.Build.0 = Debug|Any CPU
		{2D25C492-0663-402A-A6A0-4DE057ECA601}.Release|Any CPU.ActiveCfg = Release|Any CPU
		{2D25C492-0663-402A-A6A0-4DE057ECA601}.Release|Any CPU.Build.0 = Release|Any CPU
	EndGlobalSection
	GlobalSection(SolutionProperties) = preSolution
		HideSolutionNode = FALSE
	EndGlobalSection
	GlobalSection(ExtensibilityGlobals) = postSolution
		SolutionGuid = {8BBDB583-F0B3-416B-AACA-8659F897C4CF}
	EndGlobalSection
EndGlobal
